<?xml version="1.0"?>
<CONFIG>
  <ProjectOptions>
    <Version Value="9"/>
    <General>
      <Flags>
        <MainUnitHasUsesSectionForAllUnits Value="False"/>
        <MainUnitHasCreateFormStatements Value="False"/>
        <MainUnitHasTitleStatement Value="False"/>
        <LRSInOutputDirectory Value="False"/>
      </Flags>
      <SessionStorage Value="InIDEConfig"/>
      <MainUnit Value="0"/>
      <Title Value="fos_corebox"/>
      <UseAppBundle Value="False"/>
      <ResourceType Value="res"/>
    </General>
    <i18n>
      <EnableI18N LFM="False"/>
    </i18n>
    <VersionInfo>
      <BuildNr Value="1"/>
      <StringTable ProductVersion=""/>
    </VersionInfo>
    <BuildModes Count="1">
      <Item1 Name="Default" Default="True"/>
    </BuildModes>
    <PublishOptions>
      <Version Value="2"/>
      <IncludeFileFilter Value="*.(pas|pp|inc|lfm|lpr|lrs|lpi|lpk|sh|xml)"/>
      <ExcludeFileFilter Value="*.(bak|ppu|o|so);*~;backup"/>
    </PublishOptions>
    <RunParams>
      <local>
        <FormatVersion Value="1"/>
        <CommandLineParams Value="NOINT"/>
        <LaunchingApplication PathPlusParams="/usr/bin/xterm -T 'Lazarus Run Output' -e $(LazarusDir)/tools/runwait.sh $(TargetCmdLine)"/>
      </local>
    </RunParams>
    <Units Count="11">
      <Unit0>
        <Filename Value="fos_corebox.lpr"/>
        <IsPartOfProject Value="True"/>
        <UnitName Value="fos_corebox"/>
      </Unit0>
      <Unit1>
        <Filename Value="../fre_server/fre_configuration.pas"/>
        <IsPartOfProject Value="True"/>
        <UnitName Value="fre_configuration"/>
      </Unit1>
      <Unit2>
        <Filename Value="fos_dbcorebox_userapp.pas"/>
        <IsPartOfProject Value="True"/>
        <UnitName Value="FOS_DBCOREBOX_USERAPP"/>
      </Unit2>
      <Unit3>
        <Filename Value="fos_dbcorebox_common.pas"/>
        <IsPartOfProject Value="True"/>
        <UnitName Value="FOS_DBCOREBOX_COMMON"/>
      </Unit3>
      <Unit4>
        <Filename Value="fos_dbcorebox_infrastructureapp.pas"/>
        <IsPartOfProject Value="True"/>
        <UnitName Value="FOS_DBCOREBOX_INFRASTRUCTUREAPP"/>
      </Unit4>
      <Unit5>
        <Filename Value="fos_dbcorebox_servicesapp.pas"/>
        <IsPartOfProject Value="True"/>
        <UnitName Value="FOS_DBCOREBOX_SERVICESAPP"/>
      </Unit5>
      <Unit6>
        <Filename Value="fos_dbcorebox_storageapp.pas"/>
        <IsPartOfProject Value="True"/>
        <UnitName Value="FOS_DBCOREBOX_STORAGEAPP"/>
      </Unit6>
      <Unit7>
        <Filename Value="fos_dbcorebox_vmapp.pas"/>
        <IsPartOfProject Value="True"/>
        <UnitName Value="FOS_DBCOREBOX_VMAPP"/>
      </Unit7>
      <Unit8>
        <Filename Value="fos_dbcorebox_storeapp.pas"/>
        <IsPartOfProject Value="True"/>
        <UnitName Value="FOS_DBCOREBOX_STOREAPP"/>
      </Unit8>
      <Unit9>
        <Filename Value="FOS_DBCOREBOX_FILESERVER.pas"/>
        <IsPartOfProject Value="True"/>
        <UnitName Value="FOS_DBCOREBOX_FILESERVER"/>
      </Unit9>
      <Unit10>
        <Filename Value="fos_dbcorebox_vm_machines_mod.pas"/>
        <IsPartOfProject Value="True"/>
        <UnitName Value="fos_dbcorebox_vm_machines_mod"/>
      </Unit10>
    </Units>
  </ProjectOptions>
  <CompilerOptions>
    <Version Value="11"/>
    <SearchPaths>
      <IncludeFiles Value="$(ProjOutDir)"/>
      <OtherUnitFiles Value="../fre_aps;../fre_fcom;../fre_core;../fre_db;../fre_external;../fre_jsonrest/test;../fre_jsonrest;../fre_hal;../fre_monsys;../fre_server;../fos_interfaces;../fre_apps;../fre_blockcom;../fre_external/synapse"/>
      <UnitOutputDirectory Value="lib/$(TargetCPU)-$(TargetOS)"/>
    </SearchPaths>
    <Conditionals Value="if TargetOS = 'darwin' then
  CustomOptions := '-WM10.6';"/>
    <Other>
      <CompilerMessages>
        <MsgFileName Value=""/>
      </CompilerMessages>
      <CompilerPath Value="$(CompPath)"/>
    </Other>
  </CompilerOptions>
  <Debugging>
    <Exceptions Count="3">
      <Item1>
        <Name Value="EAbort"/>
      </Item1>
      <Item2>
        <Name Value="ECodetoolError"/>
      </Item2>
      <Item3>
        <Name Value="EFOpenError"/>
      </Item3>
    </Exceptions>
  </Debugging>
</CONFIG>
